
Microsoft Visual Studio Solution File, Format Version 12.00
# Visual Studio 15
Project("{FAE04EC0-301F-11D3-BF4B-00C04F79EFBC}") = "CourseLibrary.API", "CourseLibrary.API\CourseLibrary.API.csproj", "{CEB42A19-C889-4F5F-B37C-5380C801FCBB}"
EndProject
Global
	GlobalSection(SolutionConfigurationPlatforms) = preSolution
		Debug|Any CPU = Debug|Any CPU
		Release|Any CPU = Release|Any CPU
	EndGlobalSection
	GlobalSection(ProjectConfigurationPlatforms) = postSolution
		{CEB42A19-C889-4F5F-B37C-5380C801FCBB}.Debug|Any CPU.ActiveCfg = Debug|Any CPU
		{CEB42A19-C889-4F5F-B37C-5380C801FCBB}.Debug|Any CPU.Build.0 = Debug|Any CPU
		{CEB42A19-C889-4F5F-B37C-5380C801FCBB}.Release|Any CPU.ActiveCfg = Release|Any CPU
		{CEB42A19-C889-4F5F-B37C-5380C801FCBB}.Release|Any CPU.Build.0 = Release|Any CPU
	EndGlobalSection
EndGlobal
